
Microsoft Visual Studio Solution File, Format Version 12.00
# Visual Studio Version 16
VisualStudioVersion = 16.0.29728.190
MinimumVisualStudioVersion = 10.0.40219.1
Project("{FAE04EC0-301F-11D3-BF4B-00C04F79EFBC}") = "CM_Project_02", "CM_Project_02.csproj", "{7836D525-D510-4C1C-A134-510630827423}"
EndProject
Global
	GlobalSection(SolutionConfigurationPlatforms) = preSolution
		Debug|Any CPU = Debug|Any CPU
		Release|Any CPU = Release|Any CPU
	EndGlobalSection
	GlobalSection(ProjectConfigurationPlatforms) = postSolution
		{7836D525-D510-4C1C-A134-510630827423}.Debug|Any CPU.ActiveCfg = Debug|Any CPU
		{7836D525-D510-4C1C-A134-510630827423}.Debug|Any CPU.Build.0 = Debug|Any CPU
		{7836D525-D510-4C1C-A134-510630827423}.Release|Any CPU.ActiveCfg = Release|Any CPU
		{7836D525-D510-4C1C-A134-510630827423}.Release|Any CPU.Build.0 = Release|Any CPU
	EndGlobalSection
	GlobalSection(SolutionProperties) = preSolution
		HideSolutionNode = FALSE
	EndGlobalSection
	GlobalSection(ExtensibilityGlobals) = postSolution
		SolutionGuid = {F4A2EADA-6DF6-4F4C-BC78-DBC71572079F}
	EndGlobalSection
EndGlobal
